PODS:
  - SwiftLint (0.29.3)
  - TapSwiftFixes/Exceptions (1.0.5)
  - TapSwiftFixes/Threading (1.0.5)

DEPENDENCIES:
  - SwiftLint
  - TapSwiftFixes/Exceptions (= 1.0.5)
  - TapSwiftFixes/Threading (= 1.0.5)

SPEC REPOS:
  https://github.com/cocoapods/specs.git:
    - SwiftLint
    - TapSwiftFixes

SPEC CHECKSUMS:
  SwiftLint: bfa7ca7b4d170cfaf0d236ca3ffd969e88a2f002
  TapSwiftFixes: eb367e92bbc62a253f1c6737099e58d926e936b8

PODFILE CHECKSUM: 6eb179e22c261d935ee5f516f70754c7616774ee

COCOAPODS: 1.6.0.beta.1
