PODS:
  - SwiftLint (0.31.0)
  - TapSwiftFixes/Exceptions (1.0.7)
  - TapSwiftFixes/Threading (1.0.7)

DEPENDENCIES:
  - SwiftLint
  - TapSwiftFixes/Exceptions
  - TapSwiftFixes/Threading

SPEC REPOS:
  https://github.com/cocoapods/specs.git:
    - SwiftLint
    - TapSwiftFixes

SPEC CHECKSUMS:
  SwiftLint: 7a0227733d786395817373b2d0ca799fd0093ff3
  TapSwiftFixes: ffa8bd776903d20e42f47ea5ad1b57ac719d131d

PODFILE CHECKSUM: b172010ebc3805198aac1dc17c8e12e7038d0ade

COCOAPODS: 1.7.0.beta.2
