PODS:
  - SwiftLint (0.26.0)
  - TapSwiftFixes/Exceptions (1.0.3)
  - TapSwiftFixes/Threading (1.0.3)

DEPENDENCIES:
  - SwiftLint
  - TapSwiftFixes/Exceptions
  - TapSwiftFixes/Threading

SPEC REPOS:
  https://github.com/cocoapods/specs.git:
    - SwiftLint
    - TapSwiftFixes

SPEC CHECKSUMS:
  SwiftLint: f6b83e8d95ee1e91e11932d843af4fdcbf3fc764
  TapSwiftFixes: 77af9d91c385dc42d9ee53d0f50958e5aef2d8fa

PODFILE CHECKSUM: 5d784805d24505fad70ecb08ef9a5b62bbe3fd73

COCOAPODS: 1.5.3
